schema_version: 1
generated_at: '2026-09-14T23:07:06.212971+00:00'
sources:
- id: connected-services-getting-started
  title: Connected Services - Getting Started
  type: git
  repository: https://github.com/bcgov/connected-services-techdocs.git
  ref: feature/aps-4786-sdx-techdocs
  revision: 50959b28d410f638f0bccdd48f49c35f4179c24e
  root: getting-started
  order: 10
  content_sha256: 63080f8d2279fbcbc62c6c79b4fcf8510ea7df42725c71017f97320368eb9b29
  files:
  - path: docs/authoritative-data-register.md
    sha256: 98cfc8295e68cff2d600052996b852f9c4d8713eed25bbfd3071469305762916
    size_bytes: 2044
  - path: docs/building-blocks.md
    sha256: 557d6ec7873cc4b033a0d69126672081a23a73c86deab8eadca1a660a02d7d47
    size_bytes: 1771
  - path: docs/eligibility-factor-verification.md
    sha256: 2f08f1996ba5cd2d88be183be1abec5c63b62291df7fead4d449eb0b40607e0e
    size_bytes: 2763
  - path: docs/governance-and-policy.md
    sha256: bbd10d550abb97df1467ae9d8755b7d0e725ba7468a68be295274675416bf0fe
    size_bytes: 2810
  - path: docs/index.md
    sha256: e8af37b38824eb1e2857ddf9214e255bee178e768ba6c0717a6a94725729d08d
    size_bytes: 1263
  - path: docs/limits-and-constraints.md
    sha256: 869832c19e9bc8dc32d819f7d5d39588c88606fc131277f158f0cafd7ff98f8f
    size_bytes: 1558
  - path: docs/privacy-and-security.md
    sha256: 73e3f2ab0ed612b8019c3b9cf3f7548fa7a1a9f2b3653c042cbd0304acc71b49
    size_bytes: 2671
  - path: docs/purpose-and-value.md
    sha256: ad048ae3abed74aca9bfaa4ce833fd301e6c28b65d64586bb150657af915d9a6
    size_bytes: 2392
  - path: docs/roles-and-responsibilities.md
    sha256: e17b3a86d733497b82cda247a16f2493d8354f4c237843b128924fa607d67962
    size_bytes: 2370
  - path: docs/secure-data-exchange.md
    sha256: 8afa50e0b89da5e681bac68babd866940099cf58c64cb382968162a4eaff621c
    size_bytes: 3135
  - path: docs/support.md
    sha256: 2a9b8b06ccc073dcbaf667316d1545205eb8240614e24161337729910cc06dc1
    size_bytes: 3548
  navigation:
    path: mkdocs.yml
    sha256: 9905fb55af5ad641e43ed271dd485faade32e4e3bb3b3010b56f21ccd8c00d3d
    docs_dir: docs
    unlisted_files: []
  document_order:
  - docs/index.md
  - docs/purpose-and-value.md
  - docs/building-blocks.md
  - docs/authoritative-data-register.md
  - docs/eligibility-factor-verification.md
  - docs/secure-data-exchange.md
  - docs/privacy-and-security.md
  - docs/governance-and-policy.md
  - docs/roles-and-responsibilities.md
  - docs/limits-and-constraints.md
  - docs/support.md
- id: aps-infra-platform-sdx
  title: APS Infrastructure Platform - SDX Documentation
  type: git
  repository: https://github.com/bcgov/aps-infra-platform.git
  ref: test
  revision: 5cfc532b822ce6a034764ff5437c68e85e42d01c
  root: .
  order: 20
  content_sha256: af5b32043074b2d80e83adf79b87f400a04a9d0fe57f3b706980f81b2068a732
  files:
  - path: documentation/concepts/secure-data-exchange.md
    sha256: 682e2c7faf92582d9bc677d08a2fc3d6a6c235855e1243b7e39d41c5e9bbdbc0
    size_bytes: 3685
  - path: documentation/how-to/get-support.md
    sha256: 4b4f9c8d2ef711de55b60ae8675e34f872f1120c72d0c11da67ba76b87ed23ba
    size_bytes: 3698
  - path: documentation/how-to/sdx-ape-event-mgmt.md
    sha256: afeecc76822358660fb86e254118b0a1abb5e480a2cb4012e9e35b81aa4b6599
    size_bytes: 3651
  - path: documentation/how-to/sdx-ape-policy-mgmt.md
    sha256: 9b77e459a1098ef6cf3514e4c2234b98f99fa23c8d957c4cf4e2c88f7ba861a8
    size_bytes: 2391
  - path: documentation/how-to/sdx-connection-resources.md
    sha256: 22391c4a2edc78aaca26091c7c17be9f7c07379f63084dd6684dcdc66ef84cf3
    size_bytes: 8829
  - path: documentation/how-to/sdx-connections.md
    sha256: 4873dcf8591b6d79eda2be320eff2e78960d7211443e25e2012b838e9f03e2ee
    size_bytes: 8272
  - path: documentation/how-to/sdx-edge-runtime-groups.md
    sha256: 0dae8aa149aeaff29e3217ccfe48e974390e1b11d6b5ad29cef6f7b6f2cbc6ba
    size_bytes: 12986
  - path: documentation/how-to/sdx-org-onboarding.md
    sha256: 0cd19c5e19c7ff6abac2f94c47fed423519e3e5b9c41c697664a27ffdbc08740
    size_bytes: 5366
  - path: documentation/how-to/sdx-org-signing.md
    sha256: a5869157907de03b3a3f29f382bf68afc4593375a093a759a1eb4e39db270a15
    size_bytes: 6466
  - path: documentation/how-to/sdx-services.md
    sha256: 137406286e52ee3abf1f7a9d6f3e92da1c221bffb62036e0d8396df3a8d64baf
    size_bytes: 5593
  - path: documentation/how-to/sdx-subsystems.md
    sha256: 59a96d46517a3a5086223bc3f03aa7dd5fa93b970ae5e129581883d21799de26
    size_bytes: 8634
  - path: documentation/reference/restish-cli.md
    sha256: f1f816813f6c6dd8bba6308c1d114fe1d36024b4a6bccaa25f219e2154ce1cff
    size_bytes: 4605
  - path: documentation/reference/sdx/data-access-protocol.md
    sha256: 54c9bb6fdf43c97e8cb2cd3932fb4b26685d1c33269e78301ccebb05cdfd5966
    size_bytes: 6445
  - path: documentation/reference/sdx/environments.md
    sha256: 90b696c88a7f8e399ef5a4d918050c5992805b15377d63b8ffca59ffbbd6eec4
    size_bytes: 3638
  assets:
  - path: documentation/artifacts/SDX.svg
    sha256: 1a5f35ac09327eb7cf2c50238eff35fb156ff85cf84fd2047f29218b89db6c83
    size_bytes: 477714
  navigation:
    path: mkdocs.yml
    sha256: 9dc83b1114534d2011be10d0c031b1c44a3056999d66eb94cea07b333eda2ec3
    docs_dir: documentation
    unlisted_files:
    - documentation/how-to/sdx-ape-event-mgmt.md
    - documentation/how-to/sdx-ape-policy-mgmt.md
  document_order:
  - documentation/how-to/get-support.md
  - documentation/how-to/sdx-org-onboarding.md
  - documentation/how-to/sdx-edge-runtime-groups.md
  - documentation/how-to/sdx-org-signing.md
  - documentation/how-to/sdx-subsystems.md
  - documentation/how-to/sdx-services.md
  - documentation/how-to/sdx-connections.md
  - documentation/how-to/sdx-connection-resources.md
  - documentation/concepts/secure-data-exchange.md
  - documentation/reference/restish-cli.md
  - documentation/reference/sdx/data-access-protocol.md
  - documentation/reference/sdx/environments.md
  - documentation/how-to/sdx-ape-event-mgmt.md
  - documentation/how-to/sdx-ape-policy-mgmt.md
  techdocs_component: aps-infra-platform-docs
- id: efv-techdoc
  title: Eligibility Factor Verification TechDoc
  type: docx
  location: sources/EFV TechDoc - V3.docx
  order: 30
  content_sha256: 2af807e24a86a0b711ff528117e2ce0d360abf59449ae339b3fe4aa1c8306f56
  files:
  - path: EFV TechDoc - V3.docx
    sha256: 5e0ec8e7ee9b2f0b814217d90e4d0f2f68cd0ca2b1f2e8d6c0d5050c4b7c9c60
    size_bytes: 32351
